Microsoft Visual Studio Solution File, Format Version 12.00
# Visual Studio Version 17
VisualStudioVersion = 17.8.0.0
MinimumVisualStudioVersion = 17.8.0.0
Project("{9A19103F-16F7-4668-BE54-9A1E7A4F7556}") = "TripAhead.AppHost", "src\TripAhead.AppHost\TripAhead.AppHost.csproj", "{E7C7C61B-0F8D-4CC6-B669-639D4C72905F}"
EndProject
Project("{9A19103F-16F7-4668-BE54-9A1E7A4F7556}") = "TripAhead.Web", "src\TripAhead.Web\TripAhead.Web.csproj", "{DD2FEDD2-FADC-435D-88E2-8F55483EED86}"
EndProject
Project("{2150E333-8FDC-42A3-9474-1A3956D46DE8}") = "services", "services", "{DDE303C9-4543-4464-9A45-8517D7D1A270}"
EndProject
Project("{2150E333-8FDC-42A3-9474-1A3956D46DE8}") = "trips", "trips", "{9D484A4B-C7DB-4B30-A56E-E860A1BE1A12}"
EndProject
Project("{2150E333-8FDC-42A3-9474-1A3956D46DE8}") = "identity", "identity", "{C0B90CA9-6935-4B26-9024-F3EA6A2BE3E5}"
EndProject
Project("{2150E333-8FDC-42A3-9474-1A3956D46DE8}") = "reservations", "reservations", "{F606BD15-F4FF-4B87-BC83-83276DD6ABC3}"
EndProject
Project("{2150E333-8FDC-42A3-9474-1A3956D46DE8}") = "pdf-generator", "pdf-generator", "{56766C33-72D7-493A-A527-231DCCD023CE}"
EndProject
Project("{FAE04EC0-301F-11D3-BF4B-00C04F79EFBC}") = "TripAhead.Trips.API", "src\services\Trips\TripAhead.Trips.API\TripAhead.Trips.API.csproj", "{E7989C5F-6ECD-4F96-9939-6E33F49691C6}"
EndProject
Project("{FAE04EC0-301F-11D3-BF4B-00C04F79EFBC}") = "TripAhead.Reservations.API", "src\services\reservations\TripAhead.Reservations.API\TripAhead.Reservations.API.csproj", "{51D45039-6A80-4BD2-99A3-406DE30144F9}"
EndProject
Project("{FAE04EC0-301F-11D3-BF4B-00C04F79EFBC}") = "TripAhead.Identity.API", "src\services\identity\TripAhead.Identity.API\TripAhead.Identity.API.csproj", "{37F7B7DA-0ADD-4BE5-BAAB-F8700A5D4B20}"
EndProject
Project("{FAE04EC0-301F-11D3-BF4B-00C04F79EFBC}") = "TripAhead.ServiceDefaults", "src\TripAhead.ServiceDefaults\TripAhead.ServiceDefaults.csproj", "{FD4344D5-DD07-4519-B191-5993354FA2CF}"
EndProject
Project("{FAE04EC0-301F-11D3-BF4B-00C04F79EFBC}") = "TripAhead.Trips.Domain", "src\services\trips\TripAhead.Trips.Domain\TripAhead.Trips.Domain.csproj", "{8DEB18B2-13BF-4A21-AF53-E4C12A620ED5}"
EndProject
Project("{FAE04EC0-301F-11D3-BF4B-00C04F79EFBC}") = "TripAhead.Trips.Infrastructure", "src\services\trips\TripAhead.Trips.Infrastructure\TripAhead.Trips.Infrastructure.csproj", "{2FEA781A-CCE3-4C20-913D-36AC49D460FA}"
EndProject
Project("{FAE04EC0-301F-11D3-BF4B-00C04F79EFBC}") = "TripAhead.Trips.Application", "src\services\trips\TripAhead.Trips.Application\TripAhead.Trips.Application.csproj", "{F5342CDB-BB9F-4BA9-86C6-724ED2F12A46}"
EndProject
Project("{FAE04EC0-301F-11D3-BF4B-00C04F79EFBC}") = "TripAhead.Reservations.Domain", "src\services\reservations\TripAhead.Reservations.Domain\TripAhead.Reservations.Domain.csproj", "{338E1845-5F9E-46DB-AC6A-86D5D0DFECA2}"
EndProject
Project("{FAE04EC0-301F-11D3-BF4B-00C04F79EFBC}") = "TripAhead.Reservations.Infrastructure", "src\services\reservations\TripAhead.Reservations.Infrastructure\TripAhead.Reservations.Infrastructure.csproj", "{9CE61621-E91F-40E2-899E-17765DA4C75B}"
EndProject
Project("{FAE04EC0-301F-11D3-BF4B-00C04F79EFBC}") = "TripAhead.Reservations.Application", "src\services\reservations\TripAhead.Reservations.Application\TripAhead.Reservations.Application.csproj", "{6F0D9185-1E18-4F40-9E28-5EDB42264DD6}"
EndProject
Project("{2150E333-8FDC-42A3-9474-1A3956D46DE8}") = "libs", "libs", "{2A6BB56A-C0D1-42BB-B592-876A0E3F1F9B}"
EndProject
Project("{FAE04EC0-301F-11D3-BF4B-00C04F79EFBC}") = "TripAhead.Common", "src\libs\TripAhead.Common\TripAhead.Common.csproj", "{1827DD58-D338-4B10-9587-C9A1EEF40507}"
EndProject
Project("{FAE04EC0-301F-11D3-BF4B-00C04F79EFBC}") = "TripAhead.Infrastructure.Common", "src\libs\TripAhead.Infrastructure.Common\TripAhead.Infrastructure.Common.csproj", "{DE959106-8643-4C13-B924-E87B1719BB75}"
EndProject
Project("{FAE04EC0-301F-11D3-BF4B-00C04F79EFBC}") = "TripAhead.Trips.Contracts", "src\services\trips\TripAhead.Trips.Contracts\TripAhead.Trips.Contracts.csproj", "{21DCCCA9-7B72-4626-907D-D2B0409C61B6}"
EndProject
Project("{FAE04EC0-301F-11D3-BF4B-00C04F79EFBC}") = "TripAhead.Reservations.Contracts", "src\services\reservations\TripAhead.Reservations.Contracts\TripAhead.Reservations.Contracts.csproj", "{1E2EE302-8EFC-4DEB-BDE4-67DF4355B7B7}"
EndProject
Global
	GlobalSection(SolutionConfigurationPlatforms) = preSolution
		Debug|Any CPU = Debug|Any CPU
		Release|Any CPU = Release|Any CPU
	EndGlobalSection
	GlobalSection(ProjectConfigurationPlatforms) = postSolution
		{E7C7C61B-0F8D-4CC6-B669-639D4C72905F}.Debug|Any CPU.ActiveCfg = Debug|Any CPU
		{E7C7C61B-0F8D-4CC6-B669-639D4C72905F}.Debug|Any CPU.Build.0 = Debug|Any CPU
		{E7C7C61B-0F8D-4CC6-B669-639D4C72905F}.Release|Any CPU.ActiveCfg = Release|Any CPU
		{E7C7C61B-0F8D-4CC6-B669-639D4C72905F}.Release|Any CPU.Build.0 = Release|Any CPU
		{DD2FEDD2-FADC-435D-88E2-8F55483EED86}.Debug|Any CPU.ActiveCfg = Debug|Any CPU
		{DD2FEDD2-FADC-435D-88E2-8F55483EED86}.Debug|Any CPU.Build.0 = Debug|Any CPU
		{DD2FEDD2-FADC-435D-88E2-8F55483EED86}.Release|Any CPU.ActiveCfg = Release|Any CPU
		{DD2FEDD2-FADC-435D-88E2-8F55483EED86}.Release|Any CPU.Build.0 = Release|Any CPU
		{E7989C5F-6ECD-4F96-9939-6E33F49691C6}.Debug|Any CPU.ActiveCfg = Debug|Any CPU
		{E7989C5F-6ECD-4F96-9939-6E33F49691C6}.Debug|Any CPU.Build.0 = Debug|Any CPU
		{E7989C5F-6ECD-4F96-9939-6E33F49691C6}.Release|Any CPU.ActiveCfg = Release|Any CPU
		{E7989C5F-6ECD-4F96-9939-6E33F49691C6}.Release|Any CPU.Build.0 = Release|Any CPU
		{51D45039-6A80-4BD2-99A3-406DE30144F9}.Debug|Any CPU.ActiveCfg = Debug|Any CPU
		{51D45039-6A80-4BD2-99A3-406DE30144F9}.Debug|Any CPU.Build.0 = Debug|Any CPU
		{51D45039-6A80-4BD2-99A3-406DE30144F9}.Release|Any CPU.ActiveCfg = Release|Any CPU
		{51D45039-6A80-4BD2-99A3-406DE30144F9}.Release|Any CPU.Build.0 = Release|Any CPU
		{37F7B7DA-0ADD-4BE5-BAAB-F8700A5D4B20}.Debug|Any CPU.ActiveCfg = Debug|Any CPU
		{37F7B7DA-0ADD-4BE5-BAAB-F8700A5D4B20}.Debug|Any CPU.Build.0 = Debug|Any CPU
		{37F7B7DA-0ADD-4BE5-BAAB-F8700A5D4B20}.Release|Any CPU.ActiveCfg = Release|Any CPU
		{37F7B7DA-0ADD-4BE5-BAAB-F8700A5D4B20}.Release|Any CPU.Build.0 = Release|Any CPU
		{FD4344D5-DD07-4519-B191-5993354FA2CF}.Debug|Any CPU.ActiveCfg = Debug|Any CPU
		{FD4344D5-DD07-4519-B191-5993354FA2CF}.Debug|Any CPU.Build.0 = Debug|Any CPU
		{FD4344D5-DD07-4519-B191-5993354FA2CF}.Release|Any CPU.ActiveCfg = Release|Any CPU
		{FD4344D5-DD07-4519-B191-5993354FA2CF}.Release|Any CPU.Build.0 = Release|Any CPU
		{8DEB18B2-13BF-4A21-AF53-E4C12A620ED5}.Debug|Any CPU.ActiveCfg = Debug|Any CPU
		{8DEB18B2-13BF-4A21-AF53-E4C12A620ED5}.Debug|Any CPU.Build.0 = Debug|Any CPU
		{8DEB18B2-13BF-4A21-AF53-E4C12A620ED5}.Release|Any CPU.ActiveCfg = Release|Any CPU
		{8DEB18B2-13BF-4A21-AF53-E4C12A620ED5}.Release|Any CPU.Build.0 = Release|Any CPU
		{2FEA781A-CCE3-4C20-913D-36AC49D460FA}.Debug|Any CPU.ActiveCfg = Debug|Any CPU
		{2FEA781A-CCE3-4C20-913D-36AC49D460FA}.Debug|Any CPU.Build.0 = Debug|Any CPU
		{2FEA781A-CCE3-4C20-913D-36AC49D460FA}.Release|Any CPU.ActiveCfg = Release|Any CPU
		{2FEA781A-CCE3-4C20-913D-36AC49D460FA}.Release|Any CPU.Build.0 = Release|Any CPU
		{F5342CDB-BB9F-4BA9-86C6-724ED2F12A46}.Debug|Any CPU.ActiveCfg = Debug|Any CPU
		{F5342CDB-BB9F-4BA9-86C6-724ED2F12A46}.Debug|Any CPU.Build.0 = Debug|Any CPU
		{F5342CDB-BB9F-4BA9-86C6-724ED2F12A46}.Release|Any CPU.ActiveCfg = Release|Any CPU
		{F5342CDB-BB9F-4BA9-86C6-724ED2F12A46}.Release|Any CPU.Build.0 = Release|Any CPU
		{338E1845-5F9E-46DB-AC6A-86D5D0DFECA2}.Debug|Any CPU.ActiveCfg = Debug|Any CPU
		{338E1845-5F9E-46DB-AC6A-86D5D0DFECA2}.Debug|Any CPU.Build.0 = Debug|Any CPU
		{338E1845-5F9E-46DB-AC6A-86D5D0DFECA2}.Release|Any CPU.ActiveCfg = Release|Any CPU
		{338E1845-5F9E-46DB-AC6A-86D5D0DFECA2}.Release|Any CPU.Build.0 = Release|Any CPU
		{9CE61621-E91F-40E2-899E-17765DA4C75B}.Debug|Any CPU.ActiveCfg = Debug|Any CPU
		{9CE61621-E91F-40E2-899E-17765DA4C75B}.Debug|Any CPU.Build.0 = Debug|Any CPU
		{9CE61621-E91F-40E2-899E-17765DA4C75B}.Release|Any CPU.ActiveCfg = Release|Any CPU
		{9CE61621-E91F-40E2-899E-17765DA4C75B}.Release|Any CPU.Build.0 = Release|Any CPU
		{6F0D9185-1E18-4F40-9E28-5EDB42264DD6}.Debug|Any CPU.ActiveCfg = Debug|Any CPU
		{6F0D9185-1E18-4F40-9E28-5EDB42264DD6}.Debug|Any CPU.Build.0 = Debug|Any CPU
		{6F0D9185-1E18-4F40-9E28-5EDB42264DD6}.Release|Any CPU.ActiveCfg = Release|Any CPU
		{6F0D9185-1E18-4F40-9E28-5EDB42264DD6}.Release|Any CPU.Build.0 = Release|Any CPU
		{1827DD58-D338-4B10-9587-C9A1EEF40507}.Debug|Any CPU.ActiveCfg = Debug|Any CPU
		{1827DD58-D338-4B10-9587-C9A1EEF40507}.Debug|Any CPU.Build.0 = Debug|Any CPU
		{1827DD58-D338-4B10-9587-C9A1EEF40507}.Release|Any CPU.ActiveCfg = Release|Any CPU
		{1827DD58-D338-4B10-9587-C9A1EEF40507}.Release|Any CPU.Build.0 = Release|Any CPU
		{DE959106-8643-4C13-B924-E87B1719BB75}.Debug|Any CPU.ActiveCfg = Debug|Any CPU
		{DE959106-8643-4C13-B924-E87B1719BB75}.Debug|Any CPU.Build.0 = Debug|Any CPU
		{DE959106-8643-4C13-B924-E87B1719BB75}.Release|Any CPU.ActiveCfg = Release|Any CPU
		{DE959106-8643-4C13-B924-E87B1719BB75}.Release|Any CPU.Build.0 = Release|Any CPU
		{21DCCCA9-7B72-4626-907D-D2B0409C61B6}.Debug|Any CPU.ActiveCfg = Debug|Any CPU
		{21DCCCA9-7B72-4626-907D-D2B0409C61B6}.Debug|Any CPU.Build.0 = Debug|Any CPU
		{21DCCCA9-7B72-4626-907D-D2B0409C61B6}.Release|Any CPU.ActiveCfg = Release|Any CPU
		{21DCCCA9-7B72-4626-907D-D2B0409C61B6}.Release|Any CPU.Build.0 = Release|Any CPU
		{1E2EE302-8EFC-4DEB-BDE4-67DF4355B7B7}.Debug|Any CPU.ActiveCfg = Debug|Any CPU
		{1E2EE302-8EFC-4DEB-BDE4-67DF4355B7B7}.Debug|Any CPU.Build.0 = Debug|Any CPU
		{1E2EE302-8EFC-4DEB-BDE4-67DF4355B7B7}.Release|Any CPU.ActiveCfg = Release|Any CPU
		{1E2EE302-8EFC-4DEB-BDE4-67DF4355B7B7}.Release|Any CPU.Build.0 = Release|Any CPU
	EndGlobalSection
	GlobalSection(SolutionProperties) = preSolution
		HideSolutionNode = FALSE
	EndGlobalSection
	GlobalSection(ExtensibilityGlobals) = postSolution
		SolutionGuid = {4C10600E-C881-45F3-BB28-06D6EBADD56A}
	EndGlobalSection
	GlobalSection(NestedProjects) = preSolution
		{9D484A4B-C7DB-4B30-A56E-E860A1BE1A12} = {DDE303C9-4543-4464-9A45-8517D7D1A270}
		{C0B90CA9-6935-4B26-9024-F3EA6A2BE3E5} = {DDE303C9-4543-4464-9A45-8517D7D1A270}
		{F606BD15-F4FF-4B87-BC83-83276DD6ABC3} = {DDE303C9-4543-4464-9A45-8517D7D1A270}
		{56766C33-72D7-493A-A527-231DCCD023CE} = {DDE303C9-4543-4464-9A45-8517D7D1A270}
		{E7989C5F-6ECD-4F96-9939-6E33F49691C6} = {9D484A4B-C7DB-4B30-A56E-E860A1BE1A12}
		{51D45039-6A80-4BD2-99A3-406DE30144F9} = {F606BD15-F4FF-4B87-BC83-83276DD6ABC3}
		{37F7B7DA-0ADD-4BE5-BAAB-F8700A5D4B20} = {C0B90CA9-6935-4B26-9024-F3EA6A2BE3E5}
		{8DEB18B2-13BF-4A21-AF53-E4C12A620ED5} = {9D484A4B-C7DB-4B30-A56E-E860A1BE1A12}
		{2FEA781A-CCE3-4C20-913D-36AC49D460FA} = {9D484A4B-C7DB-4B30-A56E-E860A1BE1A12}
		{F5342CDB-BB9F-4BA9-86C6-724ED2F12A46} = {9D484A4B-C7DB-4B30-A56E-E860A1BE1A12}
		{338E1845-5F9E-46DB-AC6A-86D5D0DFECA2} = {F606BD15-F4FF-4B87-BC83-83276DD6ABC3}
		{9CE61621-E91F-40E2-899E-17765DA4C75B} = {F606BD15-F4FF-4B87-BC83-83276DD6ABC3}
		{6F0D9185-1E18-4F40-9E28-5EDB42264DD6} = {F606BD15-F4FF-4B87-BC83-83276DD6ABC3}
		{1827DD58-D338-4B10-9587-C9A1EEF40507} = {2A6BB56A-C0D1-42BB-B592-876A0E3F1F9B}
		{DE959106-8643-4C13-B924-E87B1719BB75} = {2A6BB56A-C0D1-42BB-B592-876A0E3F1F9B}
		{21DCCCA9-7B72-4626-907D-D2B0409C61B6} = {9D484A4B-C7DB-4B30-A56E-E860A1BE1A12}
		{1E2EE302-8EFC-4DEB-BDE4-67DF4355B7B7} = {F606BD15-F4FF-4B87-BC83-83276DD6ABC3}
	EndGlobalSection
EndGlobal
